
Microsoft Visual Studio Solution File, Format Version 12.00
# Visual Studio Version 17
VisualStudioVersion = 17.11.35222.181
MinimumVisualStudioVersion = 10.0.40219.1
Project("{9A19103F-16F7-4668-BE54-9A1E7A4F7556}") = "AvaliacaoB3.Server", "AvaliacaoB3.Server\AvaliacaoB3.Server.csproj", "{5A61A273-1BB0-4539-A489-A9234170664B}"
EndProject
Project("{9A19103F-16F7-4668-BE54-9A1E7A4F7556}") = "TesteAvaliacaoB3", "TesteAvaliacaoB3\TesteAvaliacaoB3.csproj", "{B52FB4BE-E8B2-415B-8C50-7DC676D15836}"
EndProject
Project("{54A90642-561A-4BB1-A94E-469ADEE60C69}") = "bank-deposit-app", "bank-deposit-app.client\bank-deposit-app.esproj", "{F8B6747F-569F-4479-BD12-78925CC95DCF}"
EndProject
Global
	GlobalSection(SolutionConfigurationPlatforms) = preSolution
		Debug|Any CPU = Debug|Any CPU
		Release|Any CPU = Release|Any CPU
	EndGlobalSection
	GlobalSection(ProjectConfigurationPlatforms) = postSolution
		{5A61A273-1BB0-4539-A489-A9234170664B}.Debug|Any CPU.ActiveCfg = Debug|Any CPU
		{5A61A273-1BB0-4539-A489-A9234170664B}.Debug|Any CPU.Build.0 = Debug|Any CPU
		{5A61A273-1BB0-4539-A489-A9234170664B}.Release|Any CPU.ActiveCfg = Release|Any CPU
		{5A61A273-1BB0-4539-A489-A9234170664B}.Release|Any CPU.Build.0 = Release|Any CPU
		{B52FB4BE-E8B2-415B-8C50-7DC676D15836}.Debug|Any CPU.ActiveCfg = Debug|Any CPU
		{B52FB4BE-E8B2-415B-8C50-7DC676D15836}.Debug|Any CPU.Build.0 = Debug|Any CPU
		{B52FB4BE-E8B2-415B-8C50-7DC676D15836}.Release|Any CPU.ActiveCfg = Release|Any CPU
		{B52FB4BE-E8B2-415B-8C50-7DC676D15836}.Release|Any CPU.Build.0 = Release|Any CPU
		{F8B6747F-569F-4479-BD12-78925CC95DCF}.Debug|Any CPU.ActiveCfg = Debug|Any CPU
		{F8B6747F-569F-4479-BD12-78925CC95DCF}.Debug|Any CPU.Build.0 = Debug|Any CPU
		{F8B6747F-569F-4479-BD12-78925CC95DCF}.Debug|Any CPU.Deploy.0 = Debug|Any CPU
		{F8B6747F-569F-4479-BD12-78925CC95DCF}.Release|Any CPU.ActiveCfg = Release|Any CPU
		{F8B6747F-569F-4479-BD12-78925CC95DCF}.Release|Any CPU.Build.0 = Release|Any CPU
		{F8B6747F-569F-4479-BD12-78925CC95DCF}.Release|Any CPU.Deploy.0 = Release|Any CPU
	EndGlobalSection
	GlobalSection(SolutionProperties) = preSolution
		HideSolutionNode = FALSE
	EndGlobalSection
	GlobalSection(ExtensibilityGlobals) = postSolution
		SolutionGuid = {8887330A-8888-47BD-B651-6F30578EA3E3}
	EndGlobalSection
EndGlobal
